
Microsoft Visual Studio Solution File, Format Version 12.00
# Visual Studio Version 17
VisualStudioVersion = 17.3.32922.545
MinimumVisualStudioVersion = 10.0.40219.1
Project("{FAE04EC0-301F-11D3-BF4B-00C04F79EFBC}") = "Curse_KR", "Curse_KR\Curse_KR.csproj", "{0F1E846F-C5E2-43F9-A062-9F3A75BE212B}"
EndProject
Global
	GlobalSection(SolutionConfigurationPlatforms) = preSolution
		Debug|Any CPU = Debug|Any CPU
		Release|Any CPU = Release|Any CPU
	EndGlobalSection
	GlobalSection(ProjectConfigurationPlatforms) = postSolution
		{0F1E846F-C5E2-43F9-A062-9F3A75BE212B}.Debug|Any CPU.ActiveCfg = Debug|Any CPU
		{0F1E846F-C5E2-43F9-A062-9F3A75BE212B}.Debug|Any CPU.Build.0 = Debug|Any CPU
		{0F1E846F-C5E2-43F9-A062-9F3A75BE212B}.Release|Any CPU.ActiveCfg = Release|Any CPU
		{0F1E846F-C5E2-43F9-A062-9F3A75BE212B}.Release|Any CPU.Build.0 = Release|Any CPU
	EndGlobalSection
	GlobalSection(SolutionProperties) = preSolution
		HideSolutionNode = FALSE
	EndGlobalSection
	GlobalSection(ExtensibilityGlobals) = postSolution
		SolutionGuid = {AB028708-A9CC-4FC2-BCEB-51E428BDFE4A}
	EndGlobalSection
EndGlobal
